
Microsoft Visual Studio Solution File, Format Version 12.00
# Visual Studio Version 16
VisualStudioVersion = 16.0.32126.315
MinimumVisualStudioVersion = 10.0.40219.1
Project("{9A19103F-16F7-4668-BE54-9A1E7A4F7556}") = "ChamCong.API.v1", "ChamCong.API.v1\ChamCong.API.v1.csproj", "{30AA4153-503E-4E14-BFF3-E54D1D66B692}"
EndProject
Project("{9A19103F-16F7-4668-BE54-9A1E7A4F7556}") = "ChamCong.Common", "ChamCong.Common\ChamCong.Common.csproj", "{11906E92-97E3-49E2-A087-80A188630F76}"
EndProject
Project("{FAE04EC0-301F-11D3-BF4B-00C04F79EFBC}") = "ChamCong.API.Data", "ChamCong.API.Data\ChamCong.API.Data.csproj", "{A0AF86B3-A370-4D49-8582-CB795A8743B1}"
EndProject
Project("{FAE04EC0-301F-11D3-BF4B-00C04F79EFBC}") = "ChamCong.Business", "ChamCong.Business\ChamCong.Business.csproj", "{42B1DF9F-D0E8-40F1-8ACF-21A539205C28}"
EndProject
Global
	GlobalSection(SolutionConfigurationPlatforms) = preSolution
		Debug|Any CPU = Debug|Any CPU
		Release|Any CPU = Release|Any CPU
	EndGlobalSection
	GlobalSection(ProjectConfigurationPlatforms) = postSolution
		{30AA4153-503E-4E14-BFF3-E54D1D66B692}.Debug|Any CPU.ActiveCfg = Debug|Any CPU
		{30AA4153-503E-4E14-BFF3-E54D1D66B692}.Debug|Any CPU.Build.0 = Debug|Any CPU
		{30AA4153-503E-4E14-BFF3-E54D1D66B692}.Release|Any CPU.ActiveCfg = Release|Any CPU
		{30AA4153-503E-4E14-BFF3-E54D1D66B692}.Release|Any CPU.Build.0 = Release|Any CPU
		{11906E92-97E3-49E2-A087-80A188630F76}.Debug|Any CPU.ActiveCfg = Debug|Any CPU
		{11906E92-97E3-49E2-A087-80A188630F76}.Debug|Any CPU.Build.0 = Debug|Any CPU
		{11906E92-97E3-49E2-A087-80A188630F76}.Release|Any CPU.ActiveCfg = Release|Any CPU
		{11906E92-97E3-49E2-A087-80A188630F76}.Release|Any CPU.Build.0 = Release|Any CPU
		{A0AF86B3-A370-4D49-8582-CB795A8743B1}.Debug|Any CPU.ActiveCfg = Debug|Any CPU
		{A0AF86B3-A370-4D49-8582-CB795A8743B1}.Debug|Any CPU.Build.0 = Debug|Any CPU
		{A0AF86B3-A370-4D49-8582-CB795A8743B1}.Release|Any CPU.ActiveCfg = Release|Any CPU
		{A0AF86B3-A370-4D49-8582-CB795A8743B1}.Release|Any CPU.Build.0 = Release|Any CPU
		{42B1DF9F-D0E8-40F1-8ACF-21A539205C28}.Debug|Any CPU.ActiveCfg = Debug|Any CPU
		{42B1DF9F-D0E8-40F1-8ACF-21A539205C28}.Debug|Any CPU.Build.0 = Debug|Any CPU
		{42B1DF9F-D0E8-40F1-8ACF-21A539205C28}.Release|Any CPU.ActiveCfg = Release|Any CPU
		{42B1DF9F-D0E8-40F1-8ACF-21A539205C28}.Release|Any CPU.Build.0 = Release|Any CPU
	EndGlobalSection
	GlobalSection(SolutionProperties) = preSolution
		HideSolutionNode = FALSE
	EndGlobalSection
	GlobalSection(ExtensibilityGlobals) = postSolution
		SolutionGuid = {684ECEB0-4B09-4E7A-89D8-35BBB76DECCA}
	EndGlobalSection
EndGlobal
